// !$*UTF8*$!
{
	archiveVersion = 1;
	classes = {
	};
	objectVersion = 46;
	objects = {

/* Begin PBXBuildFile section */
		851B64BC1CD877C200DA40BA /* main.m in Sources */ = {isa = PBXBuildFile; fileRef = 851B64BB1CD877C200DA40BA /* main.m */; };
		851B64BF1CD877C200DA40BA /* AppDelegate.m in Sources */ = {isa = PBXBuildFile; fileRef = 851B64BE1CD877C200DA40BA /* AppDelegate.m */; };
		851B64C71CD877C200DA40BA /* Assets.xcassets in Resources */ = {isa = PBXBuildFile; fileRef = 851B64C61CD877C200DA40BA /* Assets.xcassets */; };
		851B64CA1CD877C200DA40BA /* LaunchScreen.storyboard in Resources */ = {isa = PBXBuildFile; fileRef = 851B64C81CD877C200DA40BA /* LaunchScreen.storyboard */; };
		851B64EA1CD87E5100DA40BA /* DPAPI.m in Sources */ = {isa = PBXBuildFile; fileRef = 851B64E61CD87E5100DA40BA /* DPAPI.m */; };
		851B64EB1CD87E5100DA40BA /* DPRequest.m in Sources */ = {isa = PBXBuildFile; fileRef = 851B64E91CD87E5100DA40BA /* DPRequest.m */; };
		851B64ED1CD8813A00DA40BA /* Foundation+Log.m in Sources */ = {isa = PBXBuildFile; fileRef = 851B64EC1CD8813A00DA40BA /* Foundation+Log.m */; };
		851B65011CD8927E00DA40BA /* Main.storyboard in Resources */ = {isa = PBXBuildFile; fileRef = 851B65001CD8927E00DA40BA /* Main.storyboard */; };
		851B65041CD8986800DA40BA /* TRDeal.m in Sources */ = {isa = PBXBuildFile; fileRef = 851B65031CD8986800DA40BA /* TRDeal.m */; };
		851B65071CD89B3C00DA40BA /* TRMataDataTool.m in Sources */ = {isa = PBXBuildFile; fileRef = 851B65061CD89B3C00DA40BA /* TRMataDataTool.m */; };
		851B650A1CD89EE700DA40BA /* TRBaseNavController.m in Sources */ = {isa = PBXBuildFile; fileRef = 851B65091CD89EE700DA40BA /* TRBaseNavController.m */; };
		851B650D1CD89F1200DA40BA /* TRMainTabController.m in Sources */ = {isa = PBXBuildFile; fileRef = 851B650C1CD89F1200DA40BA /* TRMainTabController.m */; };
		851B65101CD89F5400DA40BA /* TRBaseTableViewController.m in Sources */ = {isa = PBXBuildFile; fileRef = 851B650F1CD89F5400DA40BA /* TRBaseTableViewController.m */; };
		851B65131CD89F6F00DA40BA /* TRDetailViewController.m in Sources */ = {isa = PBXBuildFile; fileRef = 851B65121CD89F6F00DA40BA /* TRDetailViewController.m */; };
		851B65161CD8A23E00DA40BA /* TRHomeViewController.m in Sources */ = {isa = PBXBuildFile; fileRef = 851B65151CD8A23E00DA40BA /* TRHomeViewController.m */; };
		851B65191CD8A53900DA40BA /* TRBusinessViewController.m in Sources */ = {isa = PBXBuildFile; fileRef = 851B65181CD8A53900DA40BA /* TRBusinessViewController.m */; };
		851B651C1CD8A64200DA40BA /* TRMeTableViewController.m in Sources */ = {isa = PBXBuildFile; fileRef = 851B651B1CD8A64200DA40BA /* TRMeTableViewController.m */; };
		8549732B1CD97A2600049669 /* TRMeViewController.m in Sources */ = {isa = PBXBuildFile; fileRef = 8549732A1CD97A2600049669 /* TRMeViewController.m */; };
		8549732D1CD98D9D00049669 /* TRMainTableViewCell.xib in Resources */ = {isa = PBXBuildFile; fileRef = 8549732C1CD98D9D00049669 /* TRMainTableViewCell.xib */; };
		854973301CD98DEA00049669 /* TRMainTableViewCell.m in Sources */ = {isa = PBXBuildFile; fileRef = 8549732F1CD98DEA00049669 /* TRMainTableViewCell.m */; };
		854973B71CD9A1D600049669 /* FUIAlertView.m in Sources */ = {isa = PBXBuildFile; fileRef = 854973361CD9A1D500049669 /* FUIAlertView.m */; };
		854973B81CD9A1D600049669 /* FUIButton.m in Sources */ = {isa = PBXBuildFile; fileRef = 854973381CD9A1D500049669 /* FUIButton.m */; };
		854973B91CD9A1D600049669 /* FUICellBackgroundView.m in Sources */ = {isa = PBXBuildFile; fileRef = 8549733A1CD9A1D500049669 /* FUICellBackgroundView.m */; };
		854973BA1CD9A1D600049669 /* FUIPopoverBackgroundView.m in Sources */ = {isa = PBXBuildFile; fileRef = 8549733C1CD9A1D500049669 /* FUIPopoverBackgroundView.m */; };
		854973BB1CD9A1D600049669 /* FUISegmentedControl.m in Sources */ = {isa = PBXBuildFile; fileRef = 8549733E1CD9A1D500049669 /* FUISegmentedControl.m */; };
		854973BC1CD9A1D600049669 /* FUISwitch.m in Sources */ = {isa = PBXBuildFile; fileRef = 854973401CD9A1D500049669 /* FUISwitch.m */; };
		854973BD1CD9A1D600049669 /* FUITextField.m in Sources */ = {isa = PBXBuildFile; fileRef = 854973421CD9A1D500049669 /* FUITextField.m */; };
		854973BE1CD9A1D600049669 /* NSString+Icons.m in Sources */ = {isa = PBXBuildFile; fileRef = 854973441CD9A1D500049669 /* NSString+Icons.m */; };
		854973BF1CD9A1D600049669 /* UIBarButtonItem+FlatUI.m in Sources */ = {isa = PBXBuildFile; fileRef = 854973461CD9A1D500049669 /* UIBarButtonItem+FlatUI.m */; };
		854973C01CD9A1D600049669 /* UIColor+FlatUI.m in Sources */ = {isa = PBXBuildFile; fileRef = 854973481CD9A1D500049669 /* UIColor+FlatUI.m */; };
		854973C11CD9A1D600049669 /* UIFont+FlatUI.m in Sources */ = {isa = PBXBuildFile; fileRef = 8549734A1CD9A1D500049669 /* UIFont+FlatUI.m */; };
		854973C21CD9A1D600049669 /* UIImage+FlatUI.m in Sources */ = {isa = PBXBuildFile; fileRef = 8549734C1CD9A1D500049669 /* UIImage+FlatUI.m */; };
		854973C31CD9A1D600049669 /* UINavigationBar+FlatUI.m in Sources */ = {isa = PBXBuildFile; fileRef = 8549734E1CD9A1D500049669 /* UINavigationBar+FlatUI.m */; };
		854973C41CD9A1D600049669 /* UIPopoverController+FlatUI.m in Sources */ = {isa = PBXBuildFile; fileRef = 854973501CD9A1D500049669 /* UIPopoverController+FlatUI.m */; };
		854973C51CD9A1D600049669 /* UIProgressView+FlatUI.m in Sources */ = {isa = PBXBuildFile; fileRef = 854973521CD9A1D500049669 /* UIProgressView+FlatUI.m */; };
		854973C61CD9A1D600049669 /* UISlider+FlatUI.m in Sources */ = {isa = PBXBuildFile; fileRef = 854973541CD9A1D500049669 /* UISlider+FlatUI.m */; };
		854973C71CD9A1D600049669 /* UIStepper+FlatUI.m in Sources */ = {isa = PBXBuildFile; fileRef = 854973561CD9A1D500049669 /* UIStepper+FlatUI.m */; };
		854973C81CD9A1D600049669 /* UITabBar+FlatUI.m in Sources */ = {isa = PBXBuildFile; fileRef = 854973581CD9A1D500049669 /* UITabBar+FlatUI.m */; };
		854973C91CD9A1D600049669 /* UITableViewCell+FlatUI.m in Sources */ = {isa = PBXBuildFile; fileRef = 8549735A1CD9A1D500049669 /* UITableViewCell+FlatUI.m */; };
		854973CA1CD9A1D600049669 /* UIToolbar+FlatUI.m in Sources */ = {isa = PBXBuildFile; fileRef = 8549735C1CD9A1D500049669 /* UIToolbar+FlatUI.m */; };
		854973CB1CD9A1D600049669 /* LICENSE in Resources */ = {isa = PBXBuildFile; fileRef = 8549735D1CD9A1D600049669 /* LICENSE */; };
		854973CC1CD9A1D600049669 /* README.markdown in Sources */ = {isa = PBXBuildFile; fileRef = 8549735E1CD9A1D600049669 /* README.markdown */; };
		854973CD1CD9A1D600049669 /* flat-ui-icons-regular.ttf in Resources */ = {isa = PBXBuildFile; fileRef = 854973601CD9A1D600049669 /* flat-ui-icons-regular.ttf */; };
		854973CE1CD9A1D600049669 /* Lato-Bold.ttf in Resources */ = {isa = PBXBuildFile; fileRef = 854973611CD9A1D600049669 /* Lato-Bold.ttf */; };
		854973CF1CD9A1D600049669 /* Lato-Italic.ttf in Resources */ = {isa = PBXBuildFile; fileRef = 854973621CD9A1D600049669 /* Lato-Italic.ttf */; };
		854973D01CD9A1D600049669 /* Lato-Light.ttf in Resources */ = {isa = PBXBuildFile; fileRef = 854973631CD9A1D600049669 /* Lato-Light.ttf */; };
		854973D11CD9A1D600049669 /* Lato-Regular.ttf in Resources */ = {isa = PBXBuildFile; fileRef = 854973641CD9A1D600049669 /* Lato-Regular.ttf */; };
		854973D21CD9A1D600049669 /* MBProgressHUD.m in Sources */ = {isa = PBXBuildFile; fileRef = 854973671CD9A1D600049669 /* MBProgressHUD.m */; };
		854973D31CD9A1D600049669 /* MJRefreshAutoFooter.m in Sources */ = {isa = PBXBuildFile; fileRef = 8549736B1CD9A1D600049669 /* MJRefreshAutoFooter.m */; };
		854973D41CD9A1D600049669 /* MJRefreshBackFooter.m in Sources */ = {isa = PBXBuildFile; fileRef = 8549736D1CD9A1D600049669 /* MJRefreshBackFooter.m */; };
		854973D51CD9A1D600049669 /* MJRefreshComponent.m in Sources */ = {isa = PBXBuildFile; fileRef = 8549736F1CD9A1D600049669 /* MJRefreshComponent.m */; };
		854973D61CD9A1D600049669 /* MJRefreshFooter.m in Sources */ = {isa = PBXBuildFile; fileRef = 854973711CD9A1D600049669 /* MJRefreshFooter.m */; };
		854973D71CD9A1D600049669 /* MJRefreshHeader.m in Sources */ = {isa = PBXBuildFile; fileRef = 854973731CD9A1D600049669 /* MJRefreshHeader.m */; };
		854973D81CD9A1D600049669 /* MJRefreshAutoGifFooter.m in Sources */ = {isa = PBXBuildFile; fileRef = 854973781CD9A1D600049669 /* MJRefreshAutoGifFooter.m */; };
		854973D91CD9A1D600049669 /* MJRefreshAutoNormalFooter.m in Sources */ = {isa = PBXBuildFile; fileRef = 8549737A1CD9A1D600049669 /* MJRefreshAutoNormalFooter.m */; };
		854973DA1CD9A1D600049669 /* MJRefreshAutoStateFooter.m in Sources */ = {isa = PBXBuildFile; fileRef = 8549737C1CD9A1D600049669 /* MJRefreshAutoStateFooter.m */; };
		854973DB1CD9A1D600049669 /* MJRefreshBackGifFooter.m in Sources */ = {isa = PBXBuildFile; fileRef = 8549737F1CD9A1D600049669 /* MJRefreshBackGifFooter.m */; };
		854973DC1CD9A1D600049669 /* MJRefreshBackNormalFooter.m in Sources */ = {isa = PBXBuildFile; fileRef = 854973811CD9A1D600049669 /* MJRefreshBackNormalFooter.m */; };
		854973DD1CD9A1D600049669 /* MJRefreshBackStateFooter.m in Sources */ = {isa = PBXBuildFile; fileRef = 854973831CD9A1D600049669 /* MJRefreshBackStateFooter.m */; };
		854973DE1CD9A1D600049669 /* MJRefreshGifHeader.m in Sources */ = {isa = PBXBuildFile; fileRef = 854973861CD9A1D600049669 /* MJRefreshGifHeader.m */; };
		854973DF1CD9A1D600049669 /* MJRefreshNormalHeader.m in Sources */ = {isa = PBXBuildFile; fileRef = 854973881CD9A1D600049669 /* MJRefreshNormalHeader.m */; };
		854973E01CD9A1D600049669 /* MJRefreshStateHeader.m in Sources */ = {isa = PBXBuildFile; fileRef = 8549738A1CD9A1D600049669 /* MJRefreshStateHeader.m */; };
		854973E11CD9A1D600049669 /* MJRefresh.bundle in Resources */ = {isa = PBXBuildFile; fileRef = 8549738B1CD9A1D600049669 /* MJRefresh.bundle */; };
		854973E21CD9A1D600049669 /* MJRefreshConst.m in Sources */ = {isa = PBXBuildFile; fileRef = 8549738E1CD9A1D600049669 /* MJRefreshConst.m */; };
		854973E31CD9A1D600049669 /* UIScrollView+MJExtension.m in Sources */ = {isa = PBXBuildFile; fileRef = 854973901CD9A1D600049669 /* UIScrollView+MJExtension.m */; };
		854973E41CD9A1D600049669 /* UIScrollView+MJRefresh.m in Sources */ = {isa = PBXBuildFile; fileRef = 854973921CD9A1D600049669 /* UIScrollView+MJRefresh.m */; };
		854973E51CD9A1D600049669 /* UIView+MJExtension.m in Sources */ = {isa = PBXBuildFile; fileRef = 854973941CD9A1D600049669 /* UIView+MJExtension.m */; };
		854973E61CD9A1D600049669 /* MKAnnotationView+WebCache.m in Sources */ = {isa = PBXBuildFile; fileRef = 854973971CD9A1D600049669 /* MKAnnotationView+WebCache.m */; };
		854973E71CD9A1D600049669 /* NSData+ImageContentType.m in Sources */ = {isa = PBXBuildFile; fileRef = 854973991CD9A1D600049669 /* NSData+ImageContentType.m */; };
		854973E81CD9A1D600049669 /* SDImageCache.m in Sources */ = {isa = PBXBuildFile; fileRef = 8549739B1CD9A1D600049669 /* SDImageCache.m */; };
		854973E91CD9A1D600049669 /* SDWebImageCompat.m in Sources */ = {isa = PBXBuildFile; fileRef = 8549739D1CD9A1D600049669 /* SDWebImageCompat.m */; };
		854973EA1CD9A1D600049669 /* SDWebImageDecoder.m in Sources */ = {isa = PBXBuildFile; fileRef = 8549739F1CD9A1D600049669 /* SDWebImageDecoder.m */; };
		854973EB1CD9A1D600049669 /* SDWebImageDownloader.m in Sources */ = {isa = PBXBuildFile; fileRef = 854973A11CD9A1D600049669 /* SDWebImageDownloader.m */; };
		854973EC1CD9A1D600049669 /* SDWebImageDownloaderOperation.m in Sources */ = {isa = PBXBuildFile; fileRef = 854973A31CD9A1D600049669 /* SDWebImageDownloaderOperation.m */; };
		854973ED1CD9A1D600049669 /* SDWebImageManager.m in Sources */ = {isa = PBXBuildFile; fileRef = 854973A51CD9A1D600049669 /* SDWebImageManager.m */; };
		854973EE1CD9A1D600049669 /* SDWebImagePrefetcher.m in Sources */ = {isa = PBXBuildFile; fileRef = 854973A81CD9A1D600049669 /* SDWebImagePrefetcher.m */; };
		854973EF1CD9A1D600049669 /* UIButton+WebCache.m in Sources */ = {isa = PBXBuildFile; fileRef = 854973AA1CD9A1D600049669 /* UIButton+WebCache.m */; };
		854973F01CD9A1D600049669 /* UIImage+GIF.m in Sources */ = {isa = PBXBuildFile; fileRef = 854973AC1CD9A1D600049669 /* UIImage+GIF.m */; };
		854973F11CD9A1D600049669 /* UIImage+MultiFormat.m in Sources */ = {isa = PBXBuildFile; fileRef = 854973AE1CD9A1D600049669 /* UIImage+MultiFormat.m */; };
		854973F21CD9A1D600049669 /* UIImage+WebP.m in Sources */ = {isa = PBXBuildFile; fileRef = 854973B01CD9A1D600049669 /* UIImage+WebP.m */; };
		854973F31CD9A1D600049669 /* UIImageView+HighlightedWebCache.m in Sources */ = {isa = PBXBuildFile; fileRef = 854973B21CD9A1D600049669 /* UIImageView+HighlightedWebCache.m */; };
		854973F41CD9A1D600049669 /* UIImageView+WebCache.m in Sources */ = {isa = PBXBuildFile; fileRef = 854973B41CD9A1D600049669 /* UIImageView+WebCache.m */; };
		854973F51CD9A1D600049669 /* UIView+WebCacheOperation.m in Sources */ = {isa = PBXBuildFile; fileRef = 854973B61CD9A1D600049669 /* UIView+WebCacheOperation.m */; };
		854973F81CD9D25900049669 /* TRBusinessHeadView.m in Sources */ = {isa = PBXBuildFile; fileRef = 854973F71CD9D25900049669 /* TRBusinessHeadView.m */; };
		854973FA1CD9D26E00049669 /* TRBusinessHeadView.xib in Resources */ = {isa = PBXBuildFile; fileRef = 854973F91CD9D26E00049669 /* TRBusinessHeadView.xib */; };
/* End PBXBuildFile section */

/* Begin PBXFileReference section */
		851B64B71CD877C200DA40BA /* LeTao.app */ = {isa = PBXFileReference; explicitFileType = wrapper.application; includeInIndex = 0; path = LeTao.app; sourceTree = BUILT_PRODUCTS_DIR; };
		851B64BB1CD877C200DA40BA /* main.m */ = {isa = PBXFileReference; lastKnownFileType = sourcecode.c.objc; path = main.m; sourceTree = "<group>"; };
		851B64BD1CD877C200DA40BA /* AppDelegate.h */ = {isa = PBXFileReference; lastKnownFileType = sourcecode.c.h; path = AppDelegate.h; sourceTree = "<group>"; };
		851B64BE1CD877C200DA40BA /* AppDelegate.m */ = {isa = PBXFileReference; lastKnownFileType = sourcecode.c.objc; path = AppDelegate.m; sourceTree = "<group>"; };
		851B64C61CD877C200DA40BA /* Assets.xcassets */ = {isa = PBXFileReference; lastKnownFileType = folder.assetcatalog; path = Assets.xcassets; sourceTree = "<group>"; };
		851B64C91CD877C200DA40BA /* Base */ = {isa = PBXFileReference; lastKnownFileType = file.storyboard; name = Base; path = Base.lproj/LaunchScreen.storyboard; sourceTree = "<group>"; };
		851B64CB1CD877C200DA40BA /* Info.plist */ = {isa = PBXFileReference; lastKnownFileType = text.plist.xml; path = Info.plist; sourceTree = "<group>"; };
		851B64E51CD87E5100DA40BA /* DPAPI.h */ = {isa = PBXFileReference; fileEncoding = 4; lastKnownFileType = sourcecode.c.h; path = DPAPI.h; sourceTree = "<group>"; };
		851B64E61CD87E5100DA40BA /* DPAPI.m */ = {isa = PBXFileReference; fileEncoding = 4; lastKnownFileType = sourcecode.c.objc; path = DPAPI.m; sourceTree = "<group>"; };
		851B64E71CD87E5100DA40BA /* DPConstants.h */ = {isa = PBXFileReference; fileEncoding = 4; lastKnownFileType = sourcecode.c.h; path = DPConstants.h; sourceTree = "<group>"; };
		851B64E81CD87E5100DA40BA /* DPRequest.h */ = {isa = PBXFileReference; fileEncoding = 4; lastKnownFileType = sourcecode.c.h; path = DPRequest.h; sourceTree = "<group>"; };
		851B64E91CD87E5100DA40BA /* DPRequest.m */ = {isa = PBXFileReference; fileEncoding = 4; lastKnownFileType = sourcecode.c.objc; path = DPRequest.m; sourceTree = "<group>"; };
		851B64EC1CD8813A00DA40BA /* Foundation+Log.m */ = {isa = PBXFileReference; fileEncoding = 4; lastKnownFileType = sourcecode.c.objc; path = "Foundation+Log.m"; sourceTree = "<group>"; };
		851B65001CD8927E00DA40BA /* Main.storyboard */ = {isa = PBXFileReference; fileEncoding = 4; lastKnownFileType = file.storyboard; name = Main.storyboard; path = Utilities/View/Main.storyboard; sourceTree = "<group>"; };
		851B65021CD8986800DA40BA /* TRDeal.h */ = {isa = PBXFileReference; fileEncoding = 4; lastKnownFileType = sourcecode.c.h; path = TRDeal.h; sourceTree = "<group>"; };
		851B65031CD8986800DA40BA /* TRDeal.m */ = {isa = PBXFileReference; fileEncoding = 4; lastKnownFileType = sourcecode.c.objc; path = TRDeal.m; sourceTree = "<group>"; };
		851B65051CD89B3C00DA40BA /* TRMataDataTool.h */ = {isa = PBXFileReference; fileEncoding = 4; lastKnownFileType = sourcecode.c.h; path = TRMataDataTool.h; sourceTree = "<group>"; };
		851B65061CD89B3C00DA40BA /* TRMataDataTool.m */ = {isa = PBXFileReference; fileEncoding = 4; lastKnownFileType = sourcecode.c.objc; path = TRMataDataTool.m; sourceTree = "<group>"; };
		851B65081CD89EE700DA40BA /* TRBaseNavController.h */ = {isa = PBXFileReference; fileEncoding = 4; lastKnownFileType = sourcecode.c.h; path = TRBaseNavController.h; sourceTree = "<group>"; };
		851B65091CD89EE700DA40BA /* TRBaseNavController.m */ = {isa = PBXFileReference; fileEncoding = 4; lastKnownFileType = sourcecode.c.objc; path = TRBaseNavController.m; sourceTree = "<group>"; };
		851B650B1CD89F1200DA40BA /* TRMainTabController.h */ = {isa = PBXFileReference; fileEncoding = 4; lastKnownFileType = sourcecode.c.h; path = TRMainTabController.h; sourceTree = "<group>"; };
		851B650C1CD89F1200DA40BA /* TRMainTabController.m */ = {isa = PBXFileReference; fileEncoding = 4; lastKnownFileType = sourcecode.c.objc; path = TRMainTabController.m; sourceTree = "<group>"; };
		851B650E1CD89F5400DA40BA /* TRBaseTableViewController.h */ = {isa = PBXFileReference; fileEncoding = 4; lastKnownFileType = sourcecode.c.h; path = TRBaseTableViewController.h; sourceTree = "<group>"; };
		851B650F1CD89F5400DA40BA /* TRBaseTableViewController.m */ = {isa = PBXFileReference; fileEncoding = 4; lastKnownFileType = sourcecode.c.objc; path = TRBaseTableViewController.m; sourceTree = "<group>"; };
		851B65111CD89F6F00DA40BA /* TRDetailViewController.h */ = {isa = PBXFileReference; fileEncoding = 4; lastKnownFileType = sourcecode.c.h; path = TRDetailViewController.h; sourceTree = "<group>"; };
		851B65121CD89F6F00DA40BA /* TRDetailViewController.m */ = {isa = PBXFileReference; fileEncoding = 4; lastKnownFileType = sourcecode.c.objc; path = TRDetailViewController.m; sourceTree = "<group>"; };
		851B65141CD8A23E00DA40BA /* TRHomeViewController.h */ = {isa = PBXFileReference; fileEncoding = 4; lastKnownFileType = sourcecode.c.h; path = TRHomeViewController.h; sourceTree = "<group>"; };
		851B65151CD8A23E00DA40BA /* TRHomeViewController.m */ = {isa = PBXFileReference; fileEncoding = 4; lastKnownFileType = sourcecode.c.objc; path = TRHomeViewController.m; sourceTree = "<group>"; };
		851B65171CD8A53900DA40BA /* TRBusinessViewController.h */ = {isa = PBXFileReference; fileEncoding = 4; lastKnownFileType = sourcecode.c.h; path = TRBusinessViewController.h; sourceTree = "<group>"; };
		851B65181CD8A53900DA40BA /* TRBusinessViewController.m */ = {isa = PBXFileReference; fileEncoding = 4; lastKnownFileType = sourcecode.c.objc; path = TRBusinessViewController.m; sourceTree = "<group>"; };
		851B651A1CD8A64200DA40BA /* TRMeTableViewController.h */ = {isa = PBXFileReference; fileEncoding = 4; lastKnownFileType = sourcecode.c.h; path = TRMeTableViewController.h; sourceTree = "<group>"; };
		851B651B1CD8A64200DA40BA /* TRMeTableViewController.m */ = {isa = PBXFileReference; fileEncoding = 4; lastKnownFileType = sourcecode.c.objc; path = TRMeTableViewController.m; sourceTree = "<group>"; };
		854973291CD97A2600049669 /* TRMeViewController.h */ = {isa = PBXFileReference; fileEncoding = 4; lastKnownFileType = sourcecode.c.h; path = TRMeViewController.h; sourceTree = "<group>"; };
		8549732A1CD97A2600049669 /* TRMeViewController.m */ = {isa = PBXFileReference; fileEncoding = 4; lastKnownFileType = sourcecode.c.objc; path = TRMeViewController.m; sourceTree = "<group>"; };
		8549732C1CD98D9D00049669 /* TRMainTableViewCell.xib */ = {isa = PBXFileReference; fileEncoding = 4; lastKnownFileType = file.xib; path = TRMainTableViewCell.xib; sourceTree = "<group>"; };
		8549732E1CD98DEA00049669 /* TRMainTableViewCell.h */ = {isa = PBXFileReference; fileEncoding = 4; lastKnownFileType = sourcecode.c.h; path = TRMainTableViewCell.h; sourceTree = "<group>"; };
		8549732F1CD98DEA00049669 /* TRMainTableViewCell.m */ = {isa = PBXFileReference; fileEncoding = 4; lastKnownFileType = sourcecode.c.objc; path = TRMainTableViewCell.m; sourceTree = "<group>"; };
		854973341CD9A1D500049669 /* FlatUIKit.h */ = {isa = PBXFileReference; fileEncoding = 4; lastKnownFileType = sourcecode.c.h; path = FlatUIKit.h; sourceTree = "<group>"; };
		854973351CD9A1D500049669 /* FUIAlertView.h */ = {isa = PBXFileReference; fileEncoding = 4; lastKnownFileType = sourcecode.c.h; path = FUIAlertView.h; sourceTree = "<group>"; };
		854973361CD9A1D500049669 /* FUIAlertView.m */ = {isa = PBXFileReference; fileEncoding = 4; lastKnownFileType = sourcecode.c.objc; path = FUIAlertView.m; sourceTree = "<group>"; };
		854973371CD9A1D500049669 /* FUIButton.h */ = {isa = PBXFileReference; fileEncoding = 4; lastKnownFileType = sourcecode.c.h; path = FUIButton.h; sourceTree = "<group>"; };
		854973381CD9A1D500049669 /* FUIButton.m */ = {isa = PBXFileReference; fileEncoding = 4; lastKnownFileType = sourcecode.c.objc; path = FUIButton.m; sourceTree = "<group>"; };
		854973391CD9A1D500049669 /* FUICellBackgroundView.h */ = {isa = PBXFileReference; fileEncoding = 4; lastKnownFileType = sourcecode.c.h; path = FUICellBackgroundView.h; sourceTree = "<group>"; };
		8549733A1CD9A1D500049669 /* FUICellBackgroundView.m */ = {isa = PBXFileReference; fileEncoding = 4; lastKnownFileType = sourcecode.c.objc; path = FUICellBackgroundView.m; sourceTree = "<group>"; };
		8549733B1CD9A1D500049669 /* FUIPopoverBackgroundView.h */ = {isa = PBXFileReference; fileEncoding = 4; lastKnownFileType = sourcecode.c.h; path = FUIPopoverBackgroundView.h; sourceTree = "<group>"; };
		8549733C1CD9A1D500049669 /* FUIPopoverBackgroundView.m */ = {isa = PBXFileReference; fileEncoding = 4; lastKnownFileType = sourcecode.c.objc; path = FUIPopoverBackgroundView.m; sourceTree = "<group>"; };
		8549733D1CD9A1D500049669 /* FUISegmentedControl.h */ = {isa = PBXFileReference; fileEncoding = 4; lastKnownFileType = sourcecode.c.h; path = FUISegmentedControl.h; sourceTree = "<group>"; };
		8549733E1CD9A1D500049669 /* FUISegmentedControl.m */ = {isa = PBXFileReference; fileEncoding = 4; lastKnownFileType = sourcecode.c.objc; path = FUISegmentedControl.m; sourceTree = "<group>"; };
		8549733F1CD9A1D500049669 /* FUISwitch.h */ = {isa = PBXFileReference; fileEncoding = 4; lastKnownFileType = sourcecode.c.h; path = FUISwitch.h; sourceTree = "<group>"; };
		854973401CD9A1D500049669 /* FUISwitch.m */ = {isa = PBXFileReference; fileEncoding = 4; lastKnownFileType = sourcecode.c.objc; path = FUISwitch.m; sourceTree = "<group>"; };
		854973411CD9A1D500049669 /* FUITextField.h */ = {isa = PBXFileReference; fileEncoding = 4; lastKnownFileType = sourcecode.c.h; path = FUITextField.h; sourceTree = "<group>"; };
		854973421CD9A1D500049669 /* FUITextField.m */ = {isa = PBXFileReference; fileEncoding = 4; lastKnownFileType = sourcecode.c.objc; path = FUITextField.m; sourceTree = "<group>"; };
		854973431CD9A1D500049669 /* NSString+Icons.h */ = {isa = PBXFileReference; fileEncoding = 4; lastKnownFileType = sourcecode.c.h; path = "NSString+Icons.h"; sourceTree = "<group>"; };
		854973441CD9A1D500049669 /* NSString+Icons.m */ = {isa = PBXFileReference; fileEncoding = 4; lastKnownFileType = sourcecode.c.objc; path = "NSString+Icons.m"; sourceTree = "<group>"; };
		854973451CD9A1D500049669 /* UIBarButtonItem+FlatUI.h */ = {isa = PBXFileReference; fileEncoding = 4; lastKnownFileType = sourcecode.c.h; path = "UIBarButtonItem+FlatUI.h"; sourceTree = "<group>"; };
		854973461CD9A1D500049669 /* UIBarButtonItem+FlatUI.m */ = {isa = PBXFileReference; fileEncoding = 4; lastKnownFileType = sourcecode.c.objc; path = "UIBarButtonItem+FlatUI.m"; sourceTree = "<group>"; };
		854973471CD9A1D500049669 /* UIColor+FlatUI.h */ = {isa = PBXFileReference; fileEncoding = 4; lastKnownFileType = sourcecode.c.h; path = "UIColor+FlatUI.h"; sourceTree = "<group>"; };
		854973481CD9A1D500049669 /* UIColor+FlatUI.m */ = {isa = PBXFileReference; fileEncoding = 4; lastKnownFileType = sourcecode.c.objc; path = "UIColor+FlatUI.m"; sourceTree = "<group>"; };
		854973491CD9A1D500049669 /* UIFont+FlatUI.h */ = {isa = PBXFileReference; fileEncoding = 4; lastKnownFileType = sourcecode.c.h; path = "UIFont+FlatUI.h"; sourceTree = "<group>"; };
		8549734A1CD9A1D500049669 /* UIFont+FlatUI.m */ = {isa = PBXFileReference; fileEncoding = 4; lastKnownFileType = sourcecode.c.objc; path = "UIFont+FlatUI.m"; sourceTree = "<group>"; };
		8549734B1CD9A1D500049669 /* UIImage+FlatUI.h */ = {isa = PBXFileReference; fileEncoding = 4; lastKnownFileType = sourcecode.c.h; path = "UIImage+FlatUI.h"; sourceTree = "<group>"; };
		8549734C1CD9A1D500049669 /* UIImage+FlatUI.m */ = {isa = PBXFileReference; fileEncoding = 4; lastKnownFileType = sourcecode.c.objc; path = "UIImage+FlatUI.m"; sourceTree = "<group>"; };
		8549734D1CD9A1D500049669 /* UINavigationBar+FlatUI.h */ = {isa = PBXFileReference; fileEncoding = 4; lastKnownFileType = sourcecode.c.h; path = "UINavigationBar+FlatUI.h"; sourceTree = "<group>"; };
		8549734E1CD9A1D500049669 /* UINavigationBar+FlatUI.m */ = {isa = PBXFileReference; fileEncoding = 4; lastKnownFileType = sourcecode.c.objc; path = "UINavigationBar+FlatUI.m"; sourceTree = "<group>"; };
		8549734F1CD9A1D500049669 /* UIPopoverController+FlatUI.h */ = {isa = PBXFileReference; fileEncoding = 4; lastKnownFileType = sourcecode.c.h; path = "UIPopoverController+FlatUI.h"; sourceTree = "<group>"; };
		854973501CD9A1D500049669 /* UIPopoverController+FlatUI.m */ = {isa = PBXFileReference; fileEncoding = 4; lastKnownFileType = sourcecode.c.objc; path = "UIPopoverController+FlatUI.m"; sourceTree = "<group>"; };
		854973511CD9A1D500049669 /* UIProgressView+FlatUI.h */ = {isa = PBXFileReference; fileEncoding = 4; lastKnownFileType = sourcecode.c.h; path = "UIProgressView+FlatUI.h"; sourceTree = "<group>"; };
		854973521CD9A1D500049669 /* UIProgressView+FlatUI.m */ = {isa = PBXFileReference; fileEncoding = 4; lastKnownFileType = sourcecode.c.objc; path = "UIProgressView+FlatUI.m"; sourceTree = "<group>"; };
		854973531CD9A1D500049669 /* UISlider+FlatUI.h */ = {isa = PBXFileReference; fileEncoding = 4; lastKnownFileType = sourcecode.c.h; path = "UISlider+FlatUI.h"; sourceTree = "<group>"; };
		854973541CD9A1D500049669 /* UISlider+FlatUI.m */ = {isa = PBXFileReference; fileEncoding = 4; lastKnownFileType = sourcecode.c.objc; path = "UISlider+FlatUI.m"; sourceTree = "<group>"; };
		854973551CD9A1D500049669 /* UIStepper+FlatUI.h */ = {isa = PBXFileReference; fileEncoding = 4; lastKnownFileType = sourcecode.c.h; path = "UIStepper+FlatUI.h"; sourceTree = "<group>"; };
		854973561CD9A1D500049669 /* UIStepper+FlatUI.m */ = {isa = PBXFileReference; fileEncoding = 4; lastKnownFileType = sourcecode.c.objc; path = "UIStepper+FlatUI.m"; sourceTree = "<group>"; };
		854973571CD9A1D500049669 /* UITabBar+FlatUI.h */ = {isa = PBXFileReference; fileEncoding = 4; lastKnownFileType = sourcecode.c.h; path = "UITabBar+FlatUI.h"; sourceTree = "<group>"; };
		854973581CD9A1D500049669 /* UITabBar+FlatUI.m */ = {isa = PBXFileReference; fileEncoding = 4; lastKnownFileType = sourcecode.c.objc; path = "UITabBar+FlatUI.m"; sourceTree = "<group>"; };
		854973591CD9A1D500049669 /* UITableViewCell+FlatUI.h */ = {isa = PBXFileReference; fileEncoding = 4; lastKnownFileType = sourcecode.c.h; path = "UITableViewCell+FlatUI.h"; sourceTree = "<group>"; };
		8549735A1CD9A1D500049669 /* UITableViewCell+FlatUI.m */ = {isa = PBXFileReference; fileEncoding = 4; lastKnownFileType = sourcecode.c.objc; path = "UITableViewCell+FlatUI.m"; sourceTree = "<group>"; };
		8549735B1CD9A1D500049669 /* UIToolbar+FlatUI.h */ = {isa = PBXFileReference; fileEncoding = 4; lastKnownFileType = sourcecode.c.h; path = "UIToolbar+FlatUI.h"; sourceTree = "<group>"; };
		8549735C1CD9A1D500049669 /* UIToolbar+FlatUI.m */ = {isa = PBXFileReference; fileEncoding = 4; lastKnownFileType = sourcecode.c.objc; path = "UIToolbar+FlatUI.m"; sourceTree = "<group>"; };
		8549735D1CD9A1D600049669 /* LICENSE */ = {isa = PBXFileReference; fileEncoding = 4; lastKnownFileType = text; path = LICENSE; sourceTree = "<group>"; };
		8549735E1CD9A1D600049669 /* README.markdown */ = {isa = PBXFileReference; fileEncoding = 4; lastKnownFileType = net.daringfireball.markdown; path = README.markdown; sourceTree = "<group>"; };
		854973601CD9A1D600049669 /* flat-ui-icons-regular.ttf */ = {isa = PBXFileReference; lastKnownFileType = file; path = "flat-ui-icons-regular.ttf"; sourceTree = "<group>"; };
		854973611CD9A1D600049669 /* Lato-Bold.ttf */ = {isa = PBXFileReference; lastKnownFileType = file; path = "Lato-Bold.ttf"; sourceTree = "<group>"; };
		854973621CD9A1D600049669 /* Lato-Italic.ttf */ = {isa = PBXFileReference; lastKnownFileType = file; path = "Lato-Italic.ttf"; sourceTree = "<group>"; };
		854973631CD9A1D600049669 /* Lato-Light.ttf */ = {isa = PBXFileReference; lastKnownFileType = file; path = "Lato-Light.ttf"; sourceTree = "<group>"; };
		854973641CD9A1D600049669 /* Lato-Regular.ttf */ = {isa = PBXFileReference; lastKnownFileType = file; path = "Lato-Regular.ttf"; sourceTree = "<group>"; };
		854973661CD9A1D600049669 /* MBProgressHUD.h */ = {isa = PBXFileReference; fileEncoding = 4; lastKnownFileType = sourcecode.c.h; path = MBProgressHUD.h; sourceTree = "<group>"; };
		854973671CD9A1D600049669 /* MBProgressHUD.m */ = {isa = PBXFileReference; fileEncoding = 4; lastKnownFileType = sourcecode.c.objc; path = MBProgressHUD.m; sourceTree = "<group>"; };
		8549736A1CD9A1D600049669 /* MJRefreshAutoFooter.h */ = {isa = PBXFileReference; fileEncoding = 4; lastKnownFileType = sourcecode.c.h; path = MJRefreshAutoFooter.h; sourceTree = "<group>"; };
		8549736B1CD9A1D600049669 /* MJRefreshAutoFooter.m */ = {isa = PBXFileReference; fileEncoding = 4; lastKnownFileType = sourcecode.c.objc; path = MJRefreshAutoFooter.m; sourceTree = "<group>"; };
		8549736C1CD9A1D600049669 /* MJRefreshBackFooter.h */ = {isa = PBXFileReference; fileEncoding = 4; lastKnownFileType = sourcecode.c.h; path = MJRefreshBackFooter.h; sourceTree = "<group>"; };
		8549736D1CD9A1D600049669 /* MJRefreshBackFooter.m */ = {isa = PBXFileReference; fileEncoding = 4; lastKnownFileType = sourcecode.c.objc; path = MJRefreshBackFooter.m; sourceTree = "<group>"; };
		8549736E1CD9A1D600049669 /* MJRefreshComponent.h */ = {isa = PBXFileReference; fileEncoding = 4; lastKnownFileType = sourcecode.c.h; path = MJRefreshComponent.h; sourceTree = "<group>"; };
		8549736F1CD9A1D600049669 /* MJRefreshComponent.m */ = {isa = PBXFileReference; fileEncoding = 4; lastKnownFileType = sourcecode.c.objc; path = MJRefreshComponent.m; sourceTree = "<group>"; };
		854973701CD9A1D600049669 /* MJRefreshFooter.h */ = {isa = PBXFileReference; fileEncoding = 4; lastKnownFileType = sourcecode.c.h; path = MJRefreshFooter.h; sourceTree = "<group>"; };
		854973711CD9A1D600049669 /* MJRefreshFooter.m */ = {isa = PBXFileReference; fileEncoding = 4; lastKnownFileType = sourcecode.c.objc; path = MJRefreshFooter.m; sourceTree = "<group>"; };
		854973721CD9A1D600049669 /* MJRefreshHeader.h */ = {isa = PBXFileReference; fileEncoding = 4; lastKnownFileType = sourcecode.c.h; path = MJRefreshHeader.h; sourceTree = "<group>"; };
		854973731CD9A1D600049669 /* MJRefreshHeader.m */ = {isa = PBXFileReference; fileEncoding = 4; lastKnownFileType = sourcecode.c.objc; path = MJRefreshHeader.m; sourceTree = "<group>"; };
		854973771CD9A1D600049669 /* MJRefreshAutoGifFooter.h */ = {isa = PBXFileReference; fileEncoding = 4; lastKnownFileType = sourcecode.c.h; path = MJRefreshAutoGifFooter.h; sourceTree = "<group>"; };
		854973781CD9A1D600049669 /* MJRefreshAutoGifFooter.m */ = {isa = PBXFileReference; fileEncoding = 4; lastKnownFileType = sourcecode.c.objc; path = MJRefreshAutoGifFooter.m; sourceTree = "<group>"; };
		854973791CD9A1D600049669 /* MJRefreshAutoNormalFooter.h */ = {isa = PBXFileReference; fileEncoding = 4; lastKnownFileType = sourcecode.c.h; path = MJRefreshAutoNormalFooter.h; sourceTree = "<group>"; };
		8549737A1CD9A1D600049669 /* MJRefreshAutoNormalFooter.m */ = {isa = PBXFileReference; fileEncoding = 4; lastKnownFileType = sourcecode.c.objc; path = MJRefreshAutoNormalFooter.m; sourceTree = "<group>"; };
		8549737B1CD9A1D600049669 /* MJRefreshAutoStateFooter.h */ = {isa = PBXFileReference; fileEncoding = 4; lastKnownFileType = sourcecode.c.h; path = MJRefreshAutoStateFooter.h; sourceTree = "<group>"; };
		8549737C1CD9A1D600049669 /* MJRefreshAutoStateFooter.m */ = {isa = PBXFileReference; fileEncoding = 4; lastKnownFileType = sourcecode.c.objc; path = MJRefreshAutoStateFooter.m; sourceTree = "<group>"; };
		8549737E1CD9A1D600049669 /* MJRefreshBackGifFooter.h */ = {isa = PBXFileReference; fileEncoding = 4; lastKnownFileType = sourcecode.c.h; path = MJRefreshBackGifFooter.h; sourceTree = "<group>"; };
		8549737F1CD9A1D600049669 /* MJRefreshBackGifFooter.m */ = {isa = PBXFileReference; fileEncoding = 4; lastKnownFileType = sourcecode.c.objc; path = MJRefreshBackGifFooter.m; sourceTree = "<group>"; };
		854973801CD9A1D600049669 /* MJRefreshBackNormalFooter.h */ = {isa = PBXFileReference; fileEncoding = 4; lastKnownFileType = sourcecode.c.h; path = MJRefreshBackNormalFooter.h; sourceTree = "<group>"; };
		854973811CD9A1D600049669 /* MJRefreshBackNormalFooter.m */ = {isa = PBXFileReference; fileEncoding = 4; lastKnownFileType = sourcecode.c.objc; path = MJRefreshBackNormalFooter.m; sourceTree = "<group>"; };
		854973821CD9A1D600049669 /* MJRefreshBackStateFooter.h */ = {isa = PBXFileReference; fileEncoding = 4; lastKnownFileType = sourcecode.c.h; path = MJRefreshBackStateFooter.h; sourceTree = "<group>"; };
		854973831CD9A1D600049669 /* MJRefreshBackStateFooter.m */ = {isa = PBXFileReference; fileEncoding = 4; lastKnownFileType = sourcecode.c.objc; path = MJRefreshBackStateFooter.m; sourceTree = "<group>"; };
		854973851CD9A1D600049669 /* MJRefreshGifHeader.h */ = {isa = PBXFileReference; fileEncoding = 4; lastKnownFileType = sourcecode.c.h; path = MJRefreshGifHeader.h; sourceTree = "<group>"; };
		854973861CD9A1D600049669 /* MJRefreshGifHeader.m */ = {isa = PBXFileReference; fileEncoding = 4; lastKnownFileType = sourcecode.c.objc; path = MJRefreshGifHeader.m; sourceTree = "<group>"; };
		854973871CD9A1D600049669 /* MJRefreshNormalHeader.h */ = {isa = PBXFileReference; fileEncoding = 4; lastKnownFileType = sourcecode.c.h; path = MJRefreshNormalHeader.h; sourceTree = "<group>"; };
		854973881CD9A1D600049669 /* MJRefreshNormalHeader.m */ = {isa = PBXFileReference; fileEncoding = 4; lastKnownFileType = sourcecode.c.objc; path = MJRefreshNormalHeader.m; sourceTree = "<group>"; };
		854973891CD9A1D600049669 /* MJRefreshStateHeader.h */ = {isa = PBXFileReference; fileEncoding = 4; lastKnownFileType = sourcecode.c.h; path = MJRefreshStateHeader.h; sourceTree = "<group>"; };
		8549738A1CD9A1D600049669 /* MJRefreshStateHeader.m */ = {isa = PBXFileReference; fileEncoding = 4; lastKnownFileType = sourcecode.c.objc; path = MJRefreshStateHeader.m; sourceTree = "<group>"; };
		8549738B1CD9A1D600049669 /* MJRefresh.bundle */ = {isa = PBXFileReference; lastKnownFileType = "wrapper.plug-in"; path = MJRefresh.bundle; sourceTree = "<group>"; };
		8549738C1CD9A1D600049669 /* MJRefresh.h */ = {isa = PBXFileReference; fileEncoding = 4; lastKnownFileType = sourcecode.c.h; path = MJRefresh.h; sourceTree = "<group>"; };
		8549738D1CD9A1D600049669 /* MJRefreshConst.h */ = {isa = PBXFileReference; fileEncoding = 4; lastKnownFileType = sourcecode.c.h; path = MJRefreshConst.h; sourceTree = "<group>"; };
		8549738E1CD9A1D600049669 /* MJRefreshConst.m */ = {isa = PBXFileReference; fileEncoding = 4; lastKnownFileType = sourcecode.c.objc; path = MJRefreshConst.m; sourceTree = "<group>"; };
		8549738F1CD9A1D600049669 /* UIScrollView+MJExtension.h */ = {isa = PBXFileReference; fileEncoding = 4; lastKnownFileType = sourcecode.c.h; path = "UIScrollView+MJExtension.h"; sourceTree = "<group>"; };
		854973901CD9A1D600049669 /* UIScrollView+MJExtension.m */ = {isa = PBXFileReference; fileEncoding = 4; lastKnownFileType = sourcecode.c.objc; path = "UIScrollView+MJExtension.m"; sourceTree = "<group>"; };
		854973911CD9A1D600049669 /* UIScrollView+MJRefresh.h */ = {isa = PBXFileReference; fileEncoding = 4; lastKnownFileType = sourcecode.c.h; path = "UIScrollView+MJRefresh.h"; sourceTree = "<group>"; };
		854973921CD9A1D600049669 /* UIScrollView+MJRefresh.m */ = {isa = PBXFileReference; fileEncoding = 4; lastKnownFileType = sourcecode.c.objc; path = "UIScrollView+MJRefresh.m"; sourceTree = "<group>"; };
		854973931CD9A1D600049669 /* UIView+MJExtension.h */ = {isa = PBXFileReference; fileEncoding = 4; lastKnownFileType = sourcecode.c.h; path = "UIView+MJExtension.h"; sourceTree = "<group>"; };
		854973941CD9A1D600049669 /* UIView+MJExtension.m */ = {isa = PBXFileReference; fileEncoding = 4; lastKnownFileType = sourcecode.c.objc; path = "UIView+MJExtension.m"; sourceTree = "<group>"; };
		854973961CD9A1D600049669 /* MKAnnotationView+WebCache.h */ = {isa = PBXFileReference; fileEncoding = 4; lastKnownFileType = sourcecode.c.h; path = "MKAnnotationView+WebCache.h"; sourceTree = "<group>"; };
		854973971CD9A1D600049669 /* MKAnnotationView+WebCache.m */ = {isa = PBXFileReference; fileEncoding = 4; lastKnownFileType = sourcecode.c.objc; path = "MKAnnotationView+WebCache.m"; sourceTree = "<group>"; };
		854973981CD9A1D600049669 /* NSData+ImageContentType.h */ = {isa = PBXFileReference; fileEncoding = 4; lastKnownFileType = sourcecode.c.h; path = "NSData+ImageContentType.h"; sourceTree = "<group>"; };
		854973991CD9A1D600049669 /* NSData+ImageContentType.m */ = {isa = PBXFileReference; fileEncoding = 4; lastKnownFileType = sourcecode.c.objc; path = "NSData+ImageContentType.m"; sourceTree = "<group>"; };
		8549739A1CD9A1D600049669 /* SDImageCache.h */ = {isa = PBXFileReference; fileEncoding = 4; lastKnownFileType = sourcecode.c.h; path = SDImageCache.h; sourceTree = "<group>"; };
		8549739B1CD9A1D600049669 /* SDImageCache.m */ = {isa = PBXFileReference; fileEncoding = 4; lastKnownFileType = sourcecode.c.objc; path = SDImageCache.m; sourceTree = "<group>"; };
		8549739C1CD9A1D600049669 /* SDWebImageCompat.h */ = {isa = PBXFileReference; fileEncoding = 4; lastKnownFileType = sourcecode.c.h; path = SDWebImageCompat.h; sourceTree = "<group>"; };
		8549739D1CD9A1D600049669 /* SDWebImageCompat.m */ = {isa = PBXFileReference; fileEncoding = 4; lastKnownFileType = sourcecode.c.objc; path = SDWebImageCompat.m; sourceTree = "<group>"; };
		8549739E1CD9A1D600049669 /* SDWebImageDecoder.h */ = {isa = PBXFileReference; fileEncoding = 4; lastKnownFileType = sourcecode.c.h; path = SDWebImageDecoder.h; sourceTree = "<group>"; };
		8549739F1CD9A1D600049669 /* SDWebImageDecoder.m */ = {isa = PBXFileReference; fileEncoding = 4; lastKnownFileType = sourcecode.c.objc; path = SDWebImageDecoder.m; sourceTree = "<group>"; };
		854973A01CD9A1D600049669 /* SDWebImageDownloader.h */ = {isa = PBXFileReference; fileEncoding = 4; lastKnownFileType = sourcecode.c.h; path = SDWebImageDownloader.h; sourceTree = "<group>"; };
		854973A11CD9A1D600049669 /* SDWebImageDownloader.m */ = {isa = PBXFileReference; fileEncoding = 4; lastKnownFileType = sourcecode.c.objc; path = SDWebImageDownloader.m; sourceTree = "<group>"; };
		854973A21CD9A1D600049669 /* SDWebImageDownloaderOperation.h */ = {isa = PBXFileReference; fileEncoding = 4; lastKnownFileType = sourcecode.c.h; path = SDWebImageDownloaderOperation.h; sourceTree = "<group>"; };
		854973A31CD9A1D600049669 /* SDWebImageDownloaderOperation.m */ = {isa = PBXFileReference; fileEncoding = 4; lastKnownFileType = sourcecode.c.objc; path = SDWebImageDownloaderOperation.m; sourceTree = "<group>"; };
		854973A41CD9A1D600049669 /* SDWebImageManager.h */ = {isa = PBXFileReference; fileEncoding = 4; lastKnownFileType = sourcecode.c.h; path = SDWebImageManager.h; sourceTree = "<group>"; };
		854973A51CD9A1D600049669 /* SDWebImageManager.m */ = {isa = PBXFileReference; fileEncoding = 4; lastKnownFileType = sourcecode.c.objc; path = SDWebImageManager.m; sourceTree = "<group>"; };
		854973A61CD9A1D600049669 /* SDWebImageOperation.h */ = {isa = PBXFileReference; fileEncoding = 4; lastKnownFileType = sourcecode.c.h; path = SDWebImageOperation.h; sourceTree = "<group>"; };
		854973A71CD9A1D600049669 /* SDWebImagePrefetcher.h */ = {isa = PBXFileReference; fileEncoding = 4; lastKnownFileType = sourcecode.c.h; path = SDWebImagePrefetcher.h; sourceTree = "<group>"; };
		854973A81CD9A1D600049669 /* SDWebImagePrefetcher.m */ = {isa = PBXFileReference; fileEncoding = 4; lastKnownFileType = sourcecode.c.objc; path = SDWebImagePrefetcher.m; sourceTree = "<group>"; };
		854973A91CD9A1D600049669 /* UIButton+WebCache.h */ = {isa = PBXFileReference; fileEncoding = 4; lastKnownFileType = sourcecode.c.h; path = "UIButton+WebCache.h"; sourceTree = "<group>"; };
		854973AA1CD9A1D600049669 /* UIButton+WebCache.m */ = {isa = PBXFileReference; fileEncoding = 4; lastKnownFileType = sourcecode.c.objc; path = "UIButton+WebCache.m"; sourceTree = "<group>"; };
		854973AB1CD9A1D600049669 /* UIImage+GIF.h */ = {isa = PBXFileReference; fileEncoding = 4; lastKnownFileType = sourcecode.c.h; path = "UIImage+GIF.h"; sourceTree = "<group>"; };
		854973AC1CD9A1D600049669 /* UIImage+GIF.m */ = {isa = PBXFileReference; fileEncoding = 4; lastKnownFileType = sourcecode.c.objc; path = "UIImage+GIF.m"; sourceTree = "<group>"; };
		854973AD1CD9A1D600049669 /* UIImage+MultiFormat.h */ = {isa = PBXFileReference; fileEncoding = 4; lastKnownFileType = sourcecode.c.h; path = "UIImage+MultiFormat.h"; sourceTree = "<group>"; };
		854973AE1CD9A1D600049669 /* UIImage+MultiFormat.m */ = {isa = PBXFileReference; fileEncoding = 4; lastKnownFileType = sourcecode.c.objc; path = "UIImage+MultiFormat.m"; sourceTree = "<group>"; };
		854973AF1CD9A1D600049669 /* UIImage+WebP.h */ = {isa = PBXFileReference; fileEncoding = 4; lastKnownFileType = sourcecode.c.h; path = "UIImage+WebP.h"; sourceTree = "<group>"; };
		854973B01CD9A1D600049669 /* UIImage+WebP.m */ = {isa = PBXFileReference; fileEncoding = 4; lastKnownFileType = sourcecode.c.objc; path = "UIImage+WebP.m"; sourceTree = "<group>"; };
		854973B11CD9A1D600049669 /* UIImageView+HighlightedWebCache.h */ = {isa = PBXFileReference; fileEncoding = 4; lastKnownFileType = sourcecode.c.h; path = "UIImageView+HighlightedWebCache.h"; sourceTree = "<group>"; };
		854973B21CD9A1D600049669 /* UIImageView+HighlightedWebCache.m */ = {isa = PBXFileReference; fileEncoding = 4; lastKnownFileType = sourcecode.c.objc; path = "UIImageView+HighlightedWebCache.m"; sourceTree = "<group>"; };
		854973B31CD9A1D600049669 /* UIImageView+WebCache.h */ = {isa = PBXFileReference; fileEncoding = 4; lastKnownFileType = sourcecode.c.h; path = "UIImageView+WebCache.h"; sourceTree = "<group>"; };
		854973B41CD9A1D600049669 /* UIImageView+WebCache.m */ = {isa = PBXFileReference; fileEncoding = 4; lastKnownFileType = sourcecode.c.objc; path = "UIImageView+WebCache.m"; sourceTree = "<group>"; };
		854973B51CD9A1D600049669 /* UIView+WebCacheOperation.h */ = {isa = PBXFileReference; fileEncoding = 4; lastKnownFileType = sourcecode.c.h; path = "UIView+WebCacheOperation.h"; sourceTree = "<group>"; };
		854973B61CD9A1D600049669 /* UIView+WebCacheOperation.m */ = {isa = PBXFileReference; fileEncoding = 4; lastKnownFileType = sourcecode.c.objc; path = "UIView+WebCacheOperation.m"; sourceTree = "<group>"; };
		854973F61CD9D25900049669 /* TRBusinessHeadView.h */ = {isa = PBXFileReference; fileEncoding = 4; lastKnownFileType = sourcecode.c.h; path = TRBusinessHeadView.h; sourceTree = "<group>"; };
		854973F71CD9D25900049669 /* TRBusinessHeadView.m */ = {isa = PBXFileReference; fileEncoding = 4; lastKnownFileType = sourcecode.c.objc; path = TRBusinessHeadView.m; sourceTree = "<group>"; };
		854973F91CD9D26E00049669 /* TRBusinessHeadView.xib */ = {isa = PBXFileReference; fileEncoding = 4; lastKnownFileType = file.xib; path = TRBusinessHeadView.xib; sourceTree = "<group>"; };
/* End PBXFileReference section */

/* Begin PBXFrameworksBuildPhase section */
		851B64B41CD877C200DA40BA /* Frameworks */ = {
			isa = PBXFrameworksBuildPhase;
			buildActionMask = 2147483647;
			files = (
			);
			runOnlyForDeploymentPostprocessing = 0;
		};
/* End PBXFrameworksBuildPhase section */

/* Begin PBXGroup section */
		851B64AE1CD877C100DA40BA = {
			isa = PBXGroup;
			children = (
				851B64B91CD877C200DA40BA /* LeTao */,
				851B64B81CD877C200DA40BA /* Products */,
			);
			sourceTree = "<group>";
		};
		851B64B81CD877C200DA40BA /* Products */ = {
			isa = PBXGroup;
			children = (
				851B64B71CD877C200DA40BA /* LeTao.app */,
			);
			name = Products;
			sourceTree = "<group>";
		};
		851B64B91CD877C200DA40BA /* LeTao */ = {
			isa = PBXGroup;
			children = (
				851B64D11CD87E4000DA40BA /* Business */,
				851B64D51CD87E4000DA40BA /* Home */,
				851B64D91CD87E4000DA40BA /* libs */,
				851B64DA1CD87E4000DA40BA /* Me */,
				851B64DE1CD87E4000DA40BA /* Utilities */,
				851B64BD1CD877C200DA40BA /* AppDelegate.h */,
				851B64BE1CD877C200DA40BA /* AppDelegate.m */,
				851B65001CD8927E00DA40BA /* Main.storyboard */,
				851B64C61CD877C200DA40BA /* Assets.xcassets */,
				851B64C81CD877C200DA40BA /* LaunchScreen.storyboard */,
				851B64CB1CD877C200DA40BA /* Info.plist */,
				851B64BA1CD877C200DA40BA /* Supporting Files */,
			);
			path = LeTao;
			sourceTree = "<group>";
		};
		851B64BA1CD877C200DA40BA /* Supporting Files */ = {
			isa = PBXGroup;
			children = (
				851B64BB1CD877C200DA40BA /* main.m */,
			);
			name = "Supporting Files";
			sourceTree = "<group>";
		};
		851B64D11CD87E4000DA40BA /* Business */ = {
			isa = PBXGroup;
			children = (
				851B64D21CD87E4000DA40BA /* Controllers */,
				851B64D31CD87E4000DA40BA /* Models */,
				851B64D41CD87E4000DA40BA /* VIews */,
			);
			path = Business;
			sourceTree = "<group>";
		};
		851B64D21CD87E4000DA40BA /* Controllers */ = {
			isa = PBXGroup;
			children = (
				851B65171CD8A53900DA40BA /* TRBusinessViewController.h */,
				851B65181CD8A53900DA40BA /* TRBusinessViewController.m */,
			);
			path = Controllers;
			sourceTree = "<group>";
		};
		851B64D31CD87E4000DA40BA /* Models */ = {
			isa = PBXGroup;
			children = (
			);
			path = Models;
			sourceTree = "<group>";
		};
		851B64D41CD87E4000DA40BA /* VIews */ = {
			isa = PBXGroup;
			children = (
				854973F61CD9D25900049669 /* TRBusinessHeadView.h */,
				854973F71CD9D25900049669 /* TRBusinessHeadView.m */,
				854973F91CD9D26E00049669 /* TRBusinessHeadView.xib */,
			);
			path = VIews;
			sourceTree = "<group>";
		};
		851B64D51CD87E4000DA40BA /* Home */ = {
			isa = PBXGroup;
			children = (
				851B64D61CD87E4000DA40BA /* Controller */,
				851B64D71CD87E4000DA40BA /* Model */,
				851B64D81CD87E4000DA40BA /* View */,
			);
			path = Home;
			sourceTree = "<group>";
		};
		851B64D61CD87E4000DA40BA /* Controller */ = {
			isa = PBXGroup;
			children = (
				851B65141CD8A23E00DA40BA /* TRHomeViewController.h */,
				851B65151CD8A23E00DA40BA /* TRHomeViewController.m */,
			);
			path = Controller;
			sourceTree = "<group>";
		};
		851B64D71CD87E4000DA40BA /* Model */ = {
			isa = PBXGroup;
			children = (
			);
			path = Model;
			sourceTree = "<group>";
		};
		851B64D81CD87E4000DA40BA /* View */ = {
			isa = PBXGroup;
			children = (
			);
			path = View;
			sourceTree = "<group>";
		};
		851B64D91CD87E4000DA40BA /* libs */ = {
			isa = PBXGroup;
			children = (
				851B64EC1CD8813A00DA40BA /* Foundation+Log.m */,
				854973311CD9A1D500049669 /* FlatUIKit */,
				854973651CD9A1D600049669 /* MBProgressHUD */,
				854973681CD9A1D600049669 /* MJRefresh */,
				854973951CD9A1D600049669 /* SDWebImage */,
				851B64E41CD87E5100DA40BA /* DPSDK */,
			);
			path = libs;
			sourceTree = "<group>";
		};
		851B64DA1CD87E4000DA40BA /* Me */ = {
			isa = PBXGroup;
			children = (
				851B64DB1CD87E4000DA40BA /* Controller */,
				851B64DC1CD87E4000DA40BA /* Model */,
				851B64DD1CD87E4000DA40BA /* View */,
			);
			path = Me;
			sourceTree = "<group>";
		};
		851B64DB1CD87E4000DA40BA /* Controller */ = {
			isa = PBXGroup;
			children = (
				851B651A1CD8A64200DA40BA /* TRMeTableViewController.h */,
				851B651B1CD8A64200DA40BA /* TRMeTableViewController.m */,
				854973291CD97A2600049669 /* TRMeViewController.h */,
				8549732A1CD97A2600049669 /* TRMeViewController.m */,
			);
			path = Controller;
			sourceTree = "<group>";
		};
		851B64DC1CD87E4000DA40BA /* Model */ = {
			isa = PBXGroup;
			children = (
			);
			path = Model;
			sourceTree = "<group>";
		};
		851B64DD1CD87E4000DA40BA /* View */ = {
			isa = PBXGroup;
			children = (
			);
			path = View;
			sourceTree = "<group>";
		};
		851B64DE1CD87E4000DA40BA /* Utilities */ = {
			isa = PBXGroup;
			children = (
				851B64DF1CD87E4000DA40BA /* Category */,
				851B64E01CD87E4000DA40BA /* Controller */,
				851B64E11CD87E4000DA40BA /* Model */,
				851B64E21CD87E4000DA40BA /* Tools */,
				851B64E31CD87E4000DA40BA /* View */,
			);
			path = Utilities;
			sourceTree = "<group>";
		};
		851B64DF1CD87E4000DA40BA /* Category */ = {
			isa = PBXGroup;
			children = (
			);
			path = Category;
			sourceTree = "<group>";
		};
		851B64E01CD87E4000DA40BA /* Controller */ = {
			isa = PBXGroup;
			children = (
				851B65081CD89EE700DA40BA /* TRBaseNavController.h */,
				851B65091CD89EE700DA40BA /* TRBaseNavController.m */,
				851B650B1CD89F1200DA40BA /* TRMainTabController.h */,
				851B650C1CD89F1200DA40BA /* TRMainTabController.m */,
				851B650E1CD89F5400DA40BA /* TRBaseTableViewController.h */,
				851B650F1CD89F5400DA40BA /* TRBaseTableViewController.m */,
				851B65111CD89F6F00DA40BA /* TRDetailViewController.h */,
				851B65121CD89F6F00DA40BA /* TRDetailViewController.m */,
			);
			path = Controller;
			sourceTree = "<group>";
		};
		851B64E11CD87E4000DA40BA /* Model */ = {
			isa = PBXGroup;
			children = (
				851B65021CD8986800DA40BA /* TRDeal.h */,
				851B65031CD8986800DA40BA /* TRDeal.m */,
			);
			path = Model;
			sourceTree = "<group>";
		};
		851B64E21CD87E4000DA40BA /* Tools */ = {
			isa = PBXGroup;
			children = (
				851B65051CD89B3C00DA40BA /* TRMataDataTool.h */,
				851B65061CD89B3C00DA40BA /* TRMataDataTool.m */,
			);
			path = Tools;
			sourceTree = "<group>";
		};
		851B64E31CD87E4000DA40BA /* View */ = {
			isa = PBXGroup;
			children = (
				8549732C1CD98D9D00049669 /* TRMainTableViewCell.xib */,
				8549732E1CD98DEA00049669 /* TRMainTableViewCell.h */,
				8549732F1CD98DEA00049669 /* TRMainTableViewCell.m */,
			);
			path = View;
			sourceTree = "<group>";
		};
		851B64E41CD87E5100DA40BA /* DPSDK */ = {
			isa = PBXGroup;
			children = (
				851B64E51CD87E5100DA40BA /* DPAPI.h */,
				851B64E61CD87E5100DA40BA /* DPAPI.m */,
				851B64E71CD87E5100DA40BA /* DPConstants.h */,
				851B64E81CD87E5100DA40BA /* DPRequest.h */,
				851B64E91CD87E5100DA40BA /* DPRequest.m */,
			);
			path = DPSDK;
			sourceTree = "<group>";
		};
		854973311CD9A1D500049669 /* FlatUIKit */ = {
			isa = PBXGroup;
			children = (
				854973321CD9A1D500049669 /* Classes */,
				8549735D1CD9A1D600049669 /* LICENSE */,
				8549735E1CD9A1D600049669 /* README.markdown */,
				8549735F1CD9A1D600049669 /* Resources */,
			);
			path = FlatUIKit;
			sourceTree = "<group>";
		};
		854973321CD9A1D500049669 /* Classes */ = {
			isa = PBXGroup;
			children = (
				854973331CD9A1D500049669 /* ios */,
			);
			path = Classes;
			sourceTree = "<group>";
		};
		854973331CD9A1D500049669 /* ios */ = {
			isa = PBXGroup;
			children = (
				854973341CD9A1D500049669 /* FlatUIKit.h */,
				854973351CD9A1D500049669 /* FUIAlertView.h */,
				854973361CD9A1D500049669 /* FUIAlertView.m */,
				854973371CD9A1D500049669 /* FUIButton.h */,
				854973381CD9A1D500049669 /* FUIButton.m */,
				854973391CD9A1D500049669 /* FUICellBackgroundView.h */,
				8549733A1CD9A1D500049669 /* FUICellBackgroundView.m */,
				8549733B1CD9A1D500049669 /* FUIPopoverBackgroundView.h */,
				8549733C1CD9A1D500049669 /* FUIPopoverBackgroundView.m */,
				8549733D1CD9A1D500049669 /* FUISegmentedControl.h */,
				8549733E1CD9A1D500049669 /* FUISegmentedControl.m */,
				8549733F1CD9A1D500049669 /* FUISwitch.h */,
				854973401CD9A1D500049669 /* FUISwitch.m */,
				854973411CD9A1D500049669 /* FUITextField.h */,
				854973421CD9A1D500049669 /* FUITextField.m */,
				854973431CD9A1D500049669 /* NSString+Icons.h */,
				854973441CD9A1D500049669 /* NSString+Icons.m */,
				854973451CD9A1D500049669 /* UIBarButtonItem+FlatUI.h */,
				854973461CD9A1D500049669 /* UIBarButtonItem+FlatUI.m */,
				854973471CD9A1D500049669 /* UIColor+FlatUI.h */,
				854973481CD9A1D500049669 /* UIColor+FlatUI.m */,
				854973491CD9A1D500049669 /* UIFont+FlatUI.h */,
				8549734A1CD9A1D500049669 /* UIFont+FlatUI.m */,
				8549734B1CD9A1D500049669 /* UIImage+FlatUI.h */,
				8549734C1CD9A1D500049669 /* UIImage+FlatUI.m */,
				8549734D1CD9A1D500049669 /* UINavigationBar+FlatUI.h */,
				8549734E1CD9A1D500049669 /* UINavigationBar+FlatUI.m */,
				8549734F1CD9A1D500049669 /* UIPopoverController+FlatUI.h */,
				854973501CD9A1D500049669 /* UIPopoverController+FlatUI.m */,
				854973511CD9A1D500049669 /* UIProgressView+FlatUI.h */,
				854973521CD9A1D500049669 /* UIProgressView+FlatUI.m */,
				854973531CD9A1D500049669 /* UISlider+FlatUI.h */,
				854973541CD9A1D500049669 /* UISlider+FlatUI.m */,
				854973551CD9A1D500049669 /* UIStepper+FlatUI.h */,
				854973561CD9A1D500049669 /* UIStepper+FlatUI.m */,
				854973571CD9A1D500049669 /* UITabBar+FlatUI.h */,
				854973581CD9A1D500049669 /* UITabBar+FlatUI.m */,
				854973591CD9A1D500049669 /* UITableViewCell+FlatUI.h */,
				8549735A1CD9A1D500049669 /* UITableViewCell+FlatUI.m */,
				8549735B1CD9A1D500049669 /* UIToolbar+FlatUI.h */,
				8549735C1CD9A1D500049669 /* UIToolbar+FlatUI.m */,
			);
			path = ios;
			sourceTree = "<group>";
		};
		8549735F1CD9A1D600049669 /* Resources */ = {
			isa = PBXGroup;
			children = (
				854973601CD9A1D600049669 /* flat-ui-icons-regular.ttf */,
				854973611CD9A1D600049669 /* Lato-Bold.ttf */,
				854973621CD9A1D600049669 /* Lato-Italic.ttf */,
				854973631CD9A1D600049669 /* Lato-Light.ttf */,
				854973641CD9A1D600049669 /* Lato-Regular.ttf */,
			);
			path = Resources;
			sourceTree = "<group>";
		};
		854973651CD9A1D600049669 /* MBProgressHUD */ = {
			isa = PBXGroup;
			children = (
				854973661CD9A1D600049669 /* MBProgressHUD.h */,
				854973671CD9A1D600049669 /* MBProgressHUD.m */,
			);
			path = MBProgressHUD;
			sourceTree = "<group>";
		};
		854973681CD9A1D600049669 /* MJRefresh */ = {
			isa = PBXGroup;
			children = (
				854973691CD9A1D600049669 /* Base */,
				854973741CD9A1D600049669 /* Custom */,
				8549738B1CD9A1D600049669 /* MJRefresh.bundle */,
				8549738C1CD9A1D600049669 /* MJRefresh.h */,
				8549738D1CD9A1D600049669 /* MJRefreshConst.h */,
				8549738E1CD9A1D600049669 /* MJRefreshConst.m */,
				8549738F1CD9A1D600049669 /* UIScrollView+MJExtension.h */,
				854973901CD9A1D600049669 /* UIScrollView+MJExtension.m */,
				854973911CD9A1D600049669 /* UIScrollView+MJRefresh.h */,
				854973921CD9A1D600049669 /* UIScrollView+MJRefresh.m */,
				854973931CD9A1D600049669 /* UIView+MJExtension.h */,
				854973941CD9A1D600049669 /* UIView+MJExtension.m */,
			);
			path = MJRefresh;
			sourceTree = "<group>";
		};
		854973691CD9A1D600049669 /* Base */ = {
			isa = PBXGroup;
			children = (
				8549736A1CD9A1D600049669 /* MJRefreshAutoFooter.h */,
				8549736B1CD9A1D600049669 /* MJRefreshAutoFooter.m */,
				8549736C1CD9A1D600049669 /* MJRefreshBackFooter.h */,
				8549736D1CD9A1D600049669 /* MJRefreshBackFooter.m */,
				8549736E1CD9A1D600049669 /* MJRefreshComponent.h */,
				8549736F1CD9A1D600049669 /* MJRefreshComponent.m */,
				854973701CD9A1D600049669 /* MJRefreshFooter.h */,
				854973711CD9A1D600049669 /* MJRefreshFooter.m */,
				854973721CD9A1D600049669 /* MJRefreshHeader.h */,
				854973731CD9A1D600049669 /* MJRefreshHeader.m */,
			);
			path = Base;
			sourceTree = "<group>";
		};
		854973741CD9A1D600049669 /* Custom */ = {
			isa = PBXGroup;
			children = (
				854973751CD9A1D600049669 /* Footer */,
				854973841CD9A1D600049669 /* Header */,
			);
			path = Custom;
			sourceTree = "<group>";
		};
		854973751CD9A1D600049669 /* Footer */ = {
			isa = PBXGroup;
			children = (
				854973761CD9A1D600049669 /* Auto */,
				8549737D1CD9A1D600049669 /* Back */,
			);
			path = Footer;
			sourceTree = "<group>";
		};
		854973761CD9A1D600049669 /* Auto */ = {
			isa = PBXGroup;
			children = (
				854973771CD9A1D600049669 /* MJRefreshAutoGifFooter.h */,
				854973781CD9A1D600049669 /* MJRefreshAutoGifFooter.m */,
				854973791CD9A1D600049669 /* MJRefreshAutoNormalFooter.h */,
				8549737A1CD9A1D600049669 /* MJRefreshAutoNormalFooter.m */,
				8549737B1CD9A1D600049669 /* MJRefreshAutoStateFooter.h */,
				8549737C1CD9A1D600049669 /* MJRefreshAutoStateFooter.m */,
			);
			path = Auto;
			sourceTree = "<group>";
		};
		8549737D1CD9A1D600049669 /* Back */ = {
			isa = PBXGroup;
			children = (
				8549737E1CD9A1D600049669 /* MJRefreshBackGifFooter.h */,
				8549737F1CD9A1D600049669 /* MJRefreshBackGifFooter.m */,
				854973801CD9A1D600049669 /* MJRefreshBackNormalFooter.h */,
				854973811CD9A1D600049669 /* MJRefreshBackNormalFooter.m */,
				854973821CD9A1D600049669 /* MJRefreshBackStateFooter.h */,
				854973831CD9A1D600049669 /* MJRefreshBackStateFooter.m */,
			);
			path = Back;
			sourceTree = "<group>";
		};
		854973841CD9A1D600049669 /* Header */ = {
			isa = PBXGroup;
			children = (
				854973851CD9A1D600049669 /* MJRefreshGifHeader.h */,
				854973861CD9A1D600049669 /* MJRefreshGifHeader.m */,
				854973871CD9A1D600049669 /* MJRefreshNormalHeader.h */,
				854973881CD9A1D600049669 /* MJRefreshNormalHeader.m */,
				854973891CD9A1D600049669 /* MJRefreshStateHeader.h */,
				8549738A1CD9A1D600049669 /* MJRefreshStateHeader.m */,
			);
			path = Header;
			sourceTree = "<group>";
		};
		854973951CD9A1D600049669 /* SDWebImage */ = {
			isa = PBXGroup;
			children = (
				854973961CD9A1D600049669 /* MKAnnotationView+WebCache.h */,
				854973971CD9A1D600049669 /* MKAnnotationView+WebCache.m */,
				854973981CD9A1D600049669 /* NSData+ImageContentType.h */,
				854973991CD9A1D600049669 /* NSData+ImageContentType.m */,
				8549739A1CD9A1D600049669 /* SDImageCache.h */,
				8549739B1CD9A1D600049669 /* SDImageCache.m */,
				8549739C1CD9A1D600049669 /* SDWebImageCompat.h */,
				8549739D1CD9A1D600049669 /* SDWebImageCompat.m */,
				8549739E1CD9A1D600049669 /* SDWebImageDecoder.h */,
				8549739F1CD9A1D600049669 /* SDWebImageDecoder.m */,
				854973A01CD9A1D600049669 /* SDWebImageDownloader.h */,
				854973A11CD9A1D600049669 /* SDWebImageDownloader.m */,
				854973A21CD9A1D600049669 /* SDWebImageDownloaderOperation.h */,
				854973A31CD9A1D600049669 /* SDWebImageDownloaderOperation.m */,
				854973A41CD9A1D600049669 /* SDWebImageManager.h */,
				854973A51CD9A1D600049669 /* SDWebImageManager.m */,
				854973A61CD9A1D600049669 /* SDWebImageOperation.h */,
				854973A71CD9A1D600049669 /* SDWebImagePrefetcher.h */,
				854973A81CD9A1D600049669 /* SDWebImagePrefetcher.m */,
				854973A91CD9A1D600049669 /* UIButton+WebCache.h */,
				854973AA1CD9A1D600049669 /* UIButton+WebCache.m */,
				854973AB1CD9A1D600049669 /* UIImage+GIF.h */,
				854973AC1CD9A1D600049669 /* UIImage+GIF.m */,
				854973AD1CD9A1D600049669 /* UIImage+MultiFormat.h */,
				854973AE1CD9A1D600049669 /* UIImage+MultiFormat.m */,
				854973AF1CD9A1D600049669 /* UIImage+WebP.h */,
				854973B01CD9A1D600049669 /* UIImage+WebP.m */,
				854973B11CD9A1D600049669 /* UIImageView+HighlightedWebCache.h */,
				854973B21CD9A1D600049669 /* UIImageView+HighlightedWebCache.m */,
				854973B31CD9A1D600049669 /* UIImageView+WebCache.h */,
				854973B41CD9A1D600049669 /* UIImageView+WebCache.m */,
				854973B51CD9A1D600049669 /* UIView+WebCacheOperation.h */,
				854973B61CD9A1D600049669 /* UIView+WebCacheOperation.m */,
			);
			path = SDWebImage;
			sourceTree = "<group>";
		};
/* End PBXGroup section */

/* Begin PBXNativeTarget section */
		851B64B61CD877C200DA40BA /* LeTao */ = {
			isa = PBXNativeTarget;
			buildConfigurationList = 851B64CE1CD877C200DA40BA /* Build configuration list for PBXNativeTarget "LeTao" */;
			buildPhases = (
				851B64B31CD877C200DA40BA /* Sources */,
				851B64B41CD877C200DA40BA /* Frameworks */,
				851B64B51CD877C200DA40BA /* Resources */,
			);
			buildRules = (
			);
			dependencies = (
			);
			name = LeTao;
			productName = LeTao;
			productReference = 851B64B71CD877C200DA40BA /* LeTao.app */;
			productType = "com.apple.product-type.application";
		};
/* End PBXNativeTarget section */

/* Begin PBXProject section */
		851B64AF1CD877C100DA40BA /* Project object */ = {
			isa = PBXProject;
			attributes = {
				CLASSPREFIX = TR;
				LastUpgradeCheck = 0710;
				ORGANIZATIONNAME = Fu_sion;
				TargetAttributes = {
					851B64B61CD877C200DA40BA = {
						CreatedOnToolsVersion = 7.1;
						DevelopmentTeam = BF8D62N889;
					};
				};
			};
			buildConfigurationList = 851B64B21CD877C100DA40BA /* Build configuration list for PBXProject "LeTao" */;
			compatibilityVersion = "Xcode 3.2";
			developmentRegion = English;
			hasScannedForEncodings = 0;
			knownRegions = (
				en,
				Base,
			);
			mainGroup = 851B64AE1CD877C100DA40BA;
			productRefGroup = 851B64B81CD877C200DA40BA /* Products */;
			projectDirPath = "";
			projectRoot = "";
			targets = (
				851B64B61CD877C200DA40BA /* LeTao */,
			);
		};
/* End PBXProject section */

/* Begin PBXResourcesBuildPhase section */
		851B64B51CD877C200DA40BA /* Resources */ = {
			isa = PBXResourcesBuildPhase;
			buildActionMask = 2147483647;
			files = (
				854973CE1CD9A1D600049669 /* Lato-Bold.ttf in Resources */,
				851B65011CD8927E00DA40BA /* Main.storyboard in Resources */,
				851B64CA1CD877C200DA40BA /* LaunchScreen.storyboard in Resources */,
				854973D01CD9A1D600049669 /* Lato-Light.ttf in Resources */,
				8549732D1CD98D9D00049669 /* TRMainTableViewCell.xib in Resources */,
				851B64C71CD877C200DA40BA /* Assets.xcassets in Resources */,
				854973FA1CD9D26E00049669 /* TRBusinessHeadView.xib in Resources */,
				854973CB1CD9A1D600049669 /* LICENSE in Resources */,
				854973E11CD9A1D600049669 /* MJRefresh.bundle in Resources */,
				854973D11CD9A1D600049669 /* Lato-Regular.ttf in Resources */,
				854973CF1CD9A1D600049669 /* Lato-Italic.ttf in Resources */,
				854973CD1CD9A1D600049669 /* flat-ui-icons-regular.ttf in Resources */,
			);
			runOnlyForDeploymentPostprocessing = 0;
		};
/* End PBXResourcesBuildPhase section */

/* Begin PBXSourcesBuildPhase section */
		851B64B31CD877C200DA40BA /* Sources */ = {
			isa = PBXSourcesBuildPhase;
			buildActionMask = 2147483647;
			files = (
				854973E31CD9A1D600049669 /* UIScrollView+MJExtension.m in Sources */,
				854973ED1CD9A1D600049669 /* SDWebImageManager.m in Sources */,
				854973BD1CD9A1D600049669 /* FUITextField.m in Sources */,
				851B64EB1CD87E5100DA40BA /* DPRequest.m in Sources */,
				854973C31CD9A1D600049669 /* UINavigationBar+FlatUI.m in Sources */,
				851B64EA1CD87E5100DA40BA /* DPAPI.m in Sources */,
				854973C41CD9A1D600049669 /* UIPopoverController+FlatUI.m in Sources */,
				8549732B1CD97A2600049669 /* TRMeViewController.m in Sources */,
				854973F11CD9A1D600049669 /* UIImage+MultiFormat.m in Sources */,
				854973BB1CD9A1D600049669 /* FUISegmentedControl.m in Sources */,
				854973D21CD9A1D600049669 /* MBProgressHUD.m in Sources */,
				854973DE1CD9A1D600049669 /* MJRefreshGifHeader.m in Sources */,
				854973D51CD9A1D600049669 /* MJRefreshComponent.m in Sources */,
				854973C91CD9A1D600049669 /* UITableViewCell+FlatUI.m in Sources */,
				854973BC1CD9A1D600049669 /* FUISwitch.m in Sources */,
				854973F01CD9A1D600049669 /* UIImage+GIF.m in Sources */,
				854973DF1CD9A1D600049669 /* MJRefreshNormalHeader.m in Sources */,
				854973B71CD9A1D600049669 /* FUIAlertView.m in Sources */,
				854973EE1CD9A1D600049669 /* SDWebImagePrefetcher.m in Sources */,
				851B65101CD89F5400DA40BA /* TRBaseTableViewController.m in Sources */,
				854973C21CD9A1D600049669 /* UIImage+FlatUI.m in Sources */,
				851B65161CD8A23E00DA40BA /* TRHomeViewController.m in Sources */,
				854973E01CD9A1D600049669 /* MJRefreshStateHeader.m in Sources */,
				851B650A1CD89EE700DA40BA /* TRBaseNavController.m in Sources */,
				854973CA1CD9A1D600049669 /* UIToolbar+FlatUI.m in Sources */,
				854973DB1CD9A1D600049669 /* MJRefreshBackGifFooter.m in Sources */,
				854973BA1CD9A1D600049669 /* FUIPopoverBackgroundView.m in Sources */,
				854973EF1CD9A1D600049669 /* UIButton+WebCache.m in Sources */,
				854973E41CD9A1D600049669 /* UIScrollView+MJRefresh.m in Sources */,
				854973F41CD9A1D600049669 /* UIImageView+WebCache.m in Sources */,
				851B64BF1CD877C200DA40BA /* AppDelegate.m in Sources */,
				851B65041CD8986800DA40BA /* TRDeal.m in Sources */,
				854973EB1CD9A1D600049669 /* SDWebImageDownloader.m in Sources */,
				854973F81CD9D25900049669 /* TRBusinessHeadView.m in Sources */,
				854973DC1CD9A1D600049669 /* MJRefreshBackNormalFooter.m in Sources */,
				851B65191CD8A53900DA40BA /* TRBusinessViewController.m in Sources */,
				854973F21CD9A1D600049669 /* UIImage+WebP.m in Sources */,
				854973C11CD9A1D600049669 /* UIFont+FlatUI.m in Sources */,
				854973BF1CD9A1D600049669 /* UIBarButtonItem+FlatUI.m in Sources */,
				854973D81CD9A1D600049669 /* MJRefreshAutoGifFooter.m in Sources */,
				854973E51CD9A1D600049669 /* UIView+MJExtension.m in Sources */,
				854973D31CD9A1D600049669 /* MJRefreshAutoFooter.m in Sources */,
				851B65071CD89B3C00DA40BA /* TRMataDataTool.m in Sources */,
				854973E21CD9A1D600049669 /* MJRefreshConst.m in Sources */,
				854973C01CD9A1D600049669 /* UIColor+FlatUI.m in Sources */,
				851B65131CD89F6F00DA40BA /* TRDetailViewController.m in Sources */,
				854973E91CD9A1D600049669 /* SDWebImageCompat.m in Sources */,
				851B64BC1CD877C200DA40BA /* main.m in Sources */,
				854973B91CD9A1D600049669 /* FUICellBackgroundView.m in Sources */,
				854973DA1CD9A1D600049669 /* MJRefreshAutoStateFooter.m in Sources */,
				854973C51CD9A1D600049669 /* UIProgressView+FlatUI.m in Sources */,
				854973C71CD9A1D600049669 /* UIStepper+FlatUI.m in Sources */,
				854973EA1CD9A1D600049669 /* SDWebImageDecoder.m in Sources */,
				854973F51CD9A1D600049669 /* UIView+WebCacheOperation.m in Sources */,
				854973C81CD9A1D600049669 /* UITabBar+FlatUI.m in Sources */,
				854973BE1CD9A1D600049669 /* NSString+Icons.m in Sources */,
				851B64ED1CD8813A00DA40BA /* Foundation+Log.m in Sources */,
				854973B81CD9A1D600049669 /* FUIButton.m in Sources */,
				851B650D1CD89F1200DA40BA /* TRMainTabController.m in Sources */,
				854973C61CD9A1D600049669 /* UISlider+FlatUI.m in Sources */,
				854973DD1CD9A1D600049669 /* MJRefreshBackStateFooter.m in Sources */,
				854973301CD98DEA00049669 /* TRMainTableViewCell.m in Sources */,
				854973D71CD9A1D600049669 /* MJRefreshHeader.m in Sources */,
				851B651C1CD8A64200DA40BA /* TRMeTableViewController.m in Sources */,
				854973E81CD9A1D600049669 /* SDImageCache.m in Sources */,
				854973D91CD9A1D600049669 /* MJRefreshAutoNormalFooter.m in Sources */,
				854973E61CD9A1D600049669 /* MKAnnotationView+WebCache.m in Sources */,
				854973D41CD9A1D600049669 /* MJRefreshBackFooter.m in Sources */,
				854973CC1CD9A1D600049669 /* README.markdown in Sources */,
				854973EC1CD9A1D600049669 /* SDWebImageDownloaderOperation.m in Sources */,
				854973E71CD9A1D600049669 /* NSData+ImageContentType.m in Sources */,
				854973F31CD9A1D600049669 /* UIImageView+HighlightedWebCache.m in Sources */,
				854973D61CD9A1D600049669 /* MJRefreshFooter.m in Sources */,
			);
			runOnlyForDeploymentPostprocessing = 0;
		};
/* End PBXSourcesBuildPhase section */

/* Begin PBXVariantGroup section */
		851B64C81CD877C200DA40BA /* LaunchScreen.storyboard */ = {
			isa = PBXVariantGroup;
			children = (
				851B64C91CD877C200DA40BA /* Base */,
			);
			name = LaunchScreen.storyboard;
			sourceTree = "<group>";
		};
/* End PBXVariantGroup section */

/* Begin XCBuildConfiguration section */
		851B64CC1CD877C200DA40BA /* Debug */ = {
			isa = XCBuildConfiguration;
			buildSettings = {
				ALWAYS_SEARCH_USER_PATHS = NO;
				CLANG_CXX_LANGUAGE_STANDARD = "gnu++0x";
				CLANG_CXX_LIBRARY = "libc++";
				CLANG_ENABLE_MODULES = YES;
				CLANG_ENABLE_OBJC_ARC = YES;
				CLANG_WARN_BOOL_CONVERSION = YES;
				CLANG_WARN_CONSTANT_CONVERSION = YES;
				CLANG_WARN_DIRECT_OBJC_ISA_USAGE = YES_ERROR;
				CLANG_WARN_EMPTY_BODY = YES;
				CLANG_WARN_ENUM_CONVERSION = YES;
				CLANG_WARN_INT_CONVERSION = YES;
				CLANG_WARN_OBJC_ROOT_CLASS = YES_ERROR;
				CLANG_WARN_UNREACHABLE_CODE = YES;
				CLANG_WARN__DUPLICATE_METHOD_MATCH = YES;
				"CODE_SIGN_IDENTITY[sdk=iphoneos*]" = "iPhone Developer";
				COPY_PHASE_STRIP = NO;
				DEBUG_INFORMATION_FORMAT = dwarf;
				ENABLE_STRICT_OBJC_MSGSEND = YES;
				ENABLE_TESTABILITY = YES;
				GCC_C_LANGUAGE_STANDARD = gnu99;
				GCC_DYNAMIC_NO_PIC = NO;
				GCC_NO_COMMON_BLOCKS = YES;
				GCC_OPTIMIZATION_LEVEL = 0;
				GCC_PREPROCESSOR_DEFINITIONS = (
					"DEBUG=1",
					"$(inherited)",
				);
				GCC_WARN_64_TO_32_BIT_CONVERSION = YES;
				GCC_WARN_ABOUT_RETURN_TYPE = YES_ERROR;
				GCC_WARN_UNDECLARED_SELECTOR = YES;
				GCC_WARN_UNINITIALIZED_AUTOS = YES_AGGRESSIVE;
				GCC_WARN_UNUSED_FUNCTION = YES;
				GCC_WARN_UNUSED_VARIABLE = YES;
				IPHONEOS_DEPLOYMENT_TARGET = 9.1;
				MTL_ENABLE_DEBUG_INFO = YES;
				ONLY_ACTIVE_ARCH = YES;
				SDKROOT = iphoneos;
			};
			name = Debug;
		};
		851B64CD1CD877C200DA40BA /* Release */ = {
			isa = XCBuildConfiguration;
			buildSettings = {
				ALWAYS_SEARCH_USER_PATHS = NO;
				CLANG_CXX_LANGUAGE_STANDARD = "gnu++0x";
				CLANG_CXX_LIBRARY = "libc++";
				CLANG_ENABLE_MODULES = YES;
				CLANG_ENABLE_OBJC_ARC = YES;
				CLANG_WARN_BOOL_CONVERSION = YES;
				CLANG_WARN_CONSTANT_CONVERSION = YES;
				CLANG_WARN_DIRECT_OBJC_ISA_USAGE = YES_ERROR;
				CLANG_WARN_EMPTY_BODY = YES;
				CLANG_WARN_ENUM_CONVERSION = YES;
				CLANG_WARN_INT_CONVERSION = YES;
				CLANG_WARN_OBJC_ROOT_CLASS = YES_ERROR;
				CLANG_WARN_UNREACHABLE_CODE = YES;
				CLANG_WARN__DUPLICATE_METHOD_MATCH = YES;
				"CODE_SIGN_IDENTITY[sdk=iphoneos*]" = "iPhone Developer";
				COPY_PHASE_STRIP = NO;
				DEBUG_INFORMATION_FORMAT = "dwarf-with-dsym";
				ENABLE_NS_ASSERTIONS = NO;
				ENABLE_STRICT_OBJC_MSGSEND = YES;
				GCC_C_LANGUAGE_STANDARD = gnu99;
				GCC_NO_COMMON_BLOCKS = YES;
				GCC_WARN_64_TO_32_BIT_CONVERSION = YES;
				GCC_WARN_ABOUT_RETURN_TYPE = YES_ERROR;
				GCC_WARN_UNDECLARED_SELECTOR = YES;
				GCC_WARN_UNINITIALIZED_AUTOS = YES_AGGRESSIVE;
				GCC_WARN_UNUSED_FUNCTION = YES;
				GCC_WARN_UNUSED_VARIABLE = YES;
				IPHONEOS_DEPLOYMENT_TARGET = 9.1;
				MTL_ENABLE_DEBUG_INFO = NO;
				SDKROOT = iphoneos;
				VALIDATE_PRODUCT = YES;
			};
			name = Release;
		};
		851B64CF1CD877C200DA40BA /* Debug */ = {
			isa = XCBuildConfiguration;
			buildSettings = {
				ASSETCATALOG_COMPILER_APPICON_NAME = AppIcon;
				ASSETCATALOG_COMPILER_LAUNCHIMAGE_NAME = "Brand Assets";
				INFOPLIST_FILE = LeTao/Info.plist;
				LD_RUNPATH_SEARCH_PATHS = "$(inherited) @executable_path/Frameworks";
				PRODUCT_BUNDLE_IDENTIFIER = fdson.com.LeTao;
				PRODUCT_NAME = "$(TARGET_NAME)";
			};
			name = Debug;
		};
		851B64D01CD877C200DA40BA /* Release */ = {
			isa = XCBuildConfiguration;
			buildSettings = {
				ASSETCATALOG_COMPILER_APPICON_NAME = AppIcon;
				ASSETCATALOG_COMPILER_LAUNCHIMAGE_NAME = "Brand Assets";
				INFOPLIST_FILE = LeTao/Info.plist;
				LD_RUNPATH_SEARCH_PATHS = "$(inherited) @executable_path/Frameworks";
				PRODUCT_BUNDLE_IDENTIFIER = fdson.com.LeTao;
				PRODUCT_NAME = "$(TARGET_NAME)";
			};
			name = Release;
		};
/* End XCBuildConfiguration section */

/* Begin XCConfigurationList section */
		851B64B21CD877C100DA40BA /* Build configuration list for PBXProject "LeTao" */ = {
			isa = XCConfigurationList;
			buildConfigurations = (
				851B64CC1CD877C200DA40BA /* Debug */,
				851B64CD1CD877C200DA40BA /* Release */,
			);
			defaultConfigurationIsVisible = 0;
			defaultConfigurationName = Release;
		};
		851B64CE1CD877C200DA40BA /* Build configuration list for PBXNativeTarget "LeTao" */ = {
			isa = XCConfigurationList;
			buildConfigurations = (
				851B64CF1CD877C200DA40BA /* Debug */,
				851B64D01CD877C200DA40BA /* Release */,
			);
			defaultConfigurationIsVisible = 0;
			defaultConfigurationName = Release;
		};
/* End XCConfigurationList section */
	};
	rootObject = 851B64AF1CD877C100DA40BA /* Project object */;
}
